
Microsoft Visual Studio Solution File, Format Version 12.00
# Visual Studio 15
VisualStudioVersion = 15.0.26124.0
MinimumVisualStudioVersion = 15.0.26124.0
Project("{2150E333-8FDC-42A3-9474-1A3956D46DE8}") = "src", "src", "{7026C871-037A-468B-810F-072002FB0FD6}"
EndProject
Project("{FAE04EC0-301F-11D3-BF4B-00C04F79EFBC}") = "Zyborg.AWS.Lambda.Kerberos", "src\Zyborg.AWS.Lambda.Kerberos\Zyborg.AWS.Lambda.Kerberos.csproj", "{22616F54-B057-4684-A7D5-BD922530A96E}"
EndProject
Project("{FAE04EC0-301F-11D3-BF4B-00C04F79EFBC}") = "Sample1", "src\Sample1\Sample1.csproj", "{8223B4E7-96F0-4F91-AD0C-16EE33047FC6}"
EndProject
Project("{FAE04EC0-301F-11D3-BF4B-00C04F79EFBC}") = "Sample2.Server", "src\Sample2.Server\Sample2.Server.csproj", "{A349D7A0-EF15-411B-BCF8-687044DEF301}"
EndProject
Project("{FAE04EC0-301F-11D3-BF4B-00C04F79EFBC}") = "Sample2", "src\Sample2\Sample2.csproj", "{4FF7984E-9228-4372-9631-FEDAC9D59149}"
EndProject
Project("{FAE04EC0-301F-11D3-BF4B-00C04F79EFBC}") = "Sample3", "src\Sample3\Sample3.csproj", "{347A647F-1EE7-4079-9235-67850A9D66AF}"
EndProject
Project("{FAE04EC0-301F-11D3-BF4B-00C04F79EFBC}") = "Sample4", "src\Sample4\Sample4.csproj", "{E38EEF21-503A-4950-A24A-B97EEDCA22E0}"
EndProject
Project("{FAE04EC0-301F-11D3-BF4B-00C04F79EFBC}") = "Sample4.Server", "src\Sample4.Server\Sample4.Server.csproj", "{DAF87B7B-ADEA-42D7-B8A8-383CDCC69428}"
EndProject
Project("{2150E333-8FDC-42A3-9474-1A3956D46DE8}") = "test", "test", "{15C979D9-EA20-4E48-8A43-EBA114D9BCAB}"
EndProject
Project("{FAE04EC0-301F-11D3-BF4B-00C04F79EFBC}") = "Zyborg.AWS.Lambda.Kerberos.Logging.ConsoleTest", "test\Zyborg.AWS.Lambda.Kerberos.Logging.ConsoleTest\Zyborg.AWS.Lambda.Kerberos.Logging.ConsoleTest.csproj", "{7C4A8967-75A9-421D-BB6D-F1C472390548}"
EndProject
Global
	GlobalSection(SolutionConfigurationPlatforms) = preSolution
		Debug|Any CPU = Debug|Any CPU
		Debug|x64 = Debug|x64
		Debug|x86 = Debug|x86
		Release|Any CPU = Release|Any CPU
		Release|x64 = Release|x64
		Release|x86 = Release|x86
	EndGlobalSection
	GlobalSection(SolutionProperties) = preSolution
		HideSolutionNode = FALSE
	EndGlobalSection
	GlobalSection(ProjectConfigurationPlatforms) = postSolution
		{22616F54-B057-4684-A7D5-BD922530A96E}.Debug|Any CPU.ActiveCfg = Debug|Any CPU
		{22616F54-B057-4684-A7D5-BD922530A96E}.Debug|Any CPU.Build.0 = Debug|Any CPU
		{22616F54-B057-4684-A7D5-BD922530A96E}.Debug|x64.ActiveCfg = Debug|Any CPU
		{22616F54-B057-4684-A7D5-BD922530A96E}.Debug|x64.Build.0 = Debug|Any CPU
		{22616F54-B057-4684-A7D5-BD922530A96E}.Debug|x86.ActiveCfg = Debug|Any CPU
		{22616F54-B057-4684-A7D5-BD922530A96E}.Debug|x86.Build.0 = Debug|Any CPU
		{22616F54-B057-4684-A7D5-BD922530A96E}.Release|Any CPU.ActiveCfg = Release|Any CPU
		{22616F54-B057-4684-A7D5-BD922530A96E}.Release|Any CPU.Build.0 = Release|Any CPU
		{22616F54-B057-4684-A7D5-BD922530A96E}.Release|x64.ActiveCfg = Release|Any CPU
		{22616F54-B057-4684-A7D5-BD922530A96E}.Release|x64.Build.0 = Release|Any CPU
		{22616F54-B057-4684-A7D5-BD922530A96E}.Release|x86.ActiveCfg = Release|Any CPU
		{22616F54-B057-4684-A7D5-BD922530A96E}.Release|x86.Build.0 = Release|Any CPU
		{8223B4E7-96F0-4F91-AD0C-16EE33047FC6}.Debug|Any CPU.ActiveCfg = Debug|Any CPU
		{8223B4E7-96F0-4F91-AD0C-16EE33047FC6}.Debug|Any CPU.Build.0 = Debug|Any CPU
		{8223B4E7-96F0-4F91-AD0C-16EE33047FC6}.Debug|x64.ActiveCfg = Debug|Any CPU
		{8223B4E7-96F0-4F91-AD0C-16EE33047FC6}.Debug|x64.Build.0 = Debug|Any CPU
		{8223B4E7-96F0-4F91-AD0C-16EE33047FC6}.Debug|x86.ActiveCfg = Debug|Any CPU
		{8223B4E7-96F0-4F91-AD0C-16EE33047FC6}.Debug|x86.Build.0 = Debug|Any CPU
		{8223B4E7-96F0-4F91-AD0C-16EE33047FC6}.Release|Any CPU.ActiveCfg = Release|Any CPU
		{8223B4E7-96F0-4F91-AD0C-16EE33047FC6}.Release|Any CPU.Build.0 = Release|Any CPU
		{8223B4E7-96F0-4F91-AD0C-16EE33047FC6}.Release|x64.ActiveCfg = Release|Any CPU
		{8223B4E7-96F0-4F91-AD0C-16EE33047FC6}.Release|x64.Build.0 = Release|Any CPU
		{8223B4E7-96F0-4F91-AD0C-16EE33047FC6}.Release|x86.ActiveCfg = Release|Any CPU
		{8223B4E7-96F0-4F91-AD0C-16EE33047FC6}.Release|x86.Build.0 = Release|Any CPU
		{A349D7A0-EF15-411B-BCF8-687044DEF301}.Debug|Any CPU.ActiveCfg = Debug|Any CPU
		{A349D7A0-EF15-411B-BCF8-687044DEF301}.Debug|Any CPU.Build.0 = Debug|Any CPU
		{A349D7A0-EF15-411B-BCF8-687044DEF301}.Debug|x64.ActiveCfg = Debug|Any CPU
		{A349D7A0-EF15-411B-BCF8-687044DEF301}.Debug|x64.Build.0 = Debug|Any CPU
		{A349D7A0-EF15-411B-BCF8-687044DEF301}.Debug|x86.ActiveCfg = Debug|Any CPU
		{A349D7A0-EF15-411B-BCF8-687044DEF301}.Debug|x86.Build.0 = Debug|Any CPU
		{A349D7A0-EF15-411B-BCF8-687044DEF301}.Release|Any CPU.ActiveCfg = Release|Any CPU
		{A349D7A0-EF15-411B-BCF8-687044DEF301}.Release|Any CPU.Build.0 = Release|Any CPU
		{A349D7A0-EF15-411B-BCF8-687044DEF301}.Release|x64.ActiveCfg = Release|Any CPU
		{A349D7A0-EF15-411B-BCF8-687044DEF301}.Release|x64.Build.0 = Release|Any CPU
		{A349D7A0-EF15-411B-BCF8-687044DEF301}.Release|x86.ActiveCfg = Release|Any CPU
		{A349D7A0-EF15-411B-BCF8-687044DEF301}.Release|x86.Build.0 = Release|Any CPU
		{4FF7984E-9228-4372-9631-FEDAC9D59149}.Debug|Any CPU.ActiveCfg = Debug|Any CPU
		{4FF7984E-9228-4372-9631-FEDAC9D59149}.Debug|Any CPU.Build.0 = Debug|Any CPU
		{4FF7984E-9228-4372-9631-FEDAC9D59149}.Debug|x64.ActiveCfg = Debug|Any CPU
		{4FF7984E-9228-4372-9631-FEDAC9D59149}.Debug|x64.Build.0 = Debug|Any CPU
		{4FF7984E-9228-4372-9631-FEDAC9D59149}.Debug|x86.ActiveCfg = Debug|Any CPU
		{4FF7984E-9228-4372-9631-FEDAC9D59149}.Debug|x86.Build.0 = Debug|Any CPU
		{4FF7984E-9228-4372-9631-FEDAC9D59149}.Release|Any CPU.ActiveCfg = Release|Any CPU
		{4FF7984E-9228-4372-9631-FEDAC9D59149}.Release|Any CPU.Build.0 = Release|Any CPU
		{4FF7984E-9228-4372-9631-FEDAC9D59149}.Release|x64.ActiveCfg = Release|Any CPU
		{4FF7984E-9228-4372-9631-FEDAC9D59149}.Release|x64.Build.0 = Release|Any CPU
		{4FF7984E-9228-4372-9631-FEDAC9D59149}.Release|x86.ActiveCfg = Release|Any CPU
		{4FF7984E-9228-4372-9631-FEDAC9D59149}.Release|x86.Build.0 = Release|Any CPU
		{347A647F-1EE7-4079-9235-67850A9D66AF}.Debug|Any CPU.ActiveCfg = Debug|Any CPU
		{347A647F-1EE7-4079-9235-67850A9D66AF}.Debug|Any CPU.Build.0 = Debug|Any CPU
		{347A647F-1EE7-4079-9235-67850A9D66AF}.Debug|x64.ActiveCfg = Debug|Any CPU
		{347A647F-1EE7-4079-9235-67850A9D66AF}.Debug|x64.Build.0 = Debug|Any CPU
		{347A647F-1EE7-4079-9235-67850A9D66AF}.Debug|x86.ActiveCfg = Debug|Any CPU
		{347A647F-1EE7-4079-9235-67850A9D66AF}.Debug|x86.Build.0 = Debug|Any CPU
		{347A647F-1EE7-4079-9235-67850A9D66AF}.Release|Any CPU.ActiveCfg = Release|Any CPU
		{347A647F-1EE7-4079-9235-67850A9D66AF}.Release|Any CPU.Build.0 = Release|Any CPU
		{347A647F-1EE7-4079-9235-67850A9D66AF}.Release|x64.ActiveCfg = Release|Any CPU
		{347A647F-1EE7-4079-9235-67850A9D66AF}.Release|x64.Build.0 = Release|Any CPU
		{347A647F-1EE7-4079-9235-67850A9D66AF}.Release|x86.ActiveCfg = Release|Any CPU
		{347A647F-1EE7-4079-9235-67850A9D66AF}.Release|x86.Build.0 = Release|Any CPU
		{E38EEF21-503A-4950-A24A-B97EEDCA22E0}.Debug|Any CPU.ActiveCfg = Debug|Any CPU
		{E38EEF21-503A-4950-A24A-B97EEDCA22E0}.Debug|Any CPU.Build.0 = Debug|Any CPU
		{E38EEF21-503A-4950-A24A-B97EEDCA22E0}.Debug|x64.ActiveCfg = Debug|Any CPU
		{E38EEF21-503A-4950-A24A-B97EEDCA22E0}.Debug|x64.Build.0 = Debug|Any CPU
		{E38EEF21-503A-4950-A24A-B97EEDCA22E0}.Debug|x86.ActiveCfg = Debug|Any CPU
		{E38EEF21-503A-4950-A24A-B97EEDCA22E0}.Debug|x86.Build.0 = Debug|Any CPU
		{E38EEF21-503A-4950-A24A-B97EEDCA22E0}.Release|Any CPU.ActiveCfg = Release|Any CPU
		{E38EEF21-503A-4950-A24A-B97EEDCA22E0}.Release|Any CPU.Build.0 = Release|Any CPU
		{E38EEF21-503A-4950-A24A-B97EEDCA22E0}.Release|x64.ActiveCfg = Release|Any CPU
		{E38EEF21-503A-4950-A24A-B97EEDCA22E0}.Release|x64.Build.0 = Release|Any CPU
		{E38EEF21-503A-4950-A24A-B97EEDCA22E0}.Release|x86.ActiveCfg = Release|Any CPU
		{E38EEF21-503A-4950-A24A-B97EEDCA22E0}.Release|x86.Build.0 = Release|Any CPU
		{DAF87B7B-ADEA-42D7-B8A8-383CDCC69428}.Debug|Any CPU.ActiveCfg = Debug|Any CPU
		{DAF87B7B-ADEA-42D7-B8A8-383CDCC69428}.Debug|Any CPU.Build.0 = Debug|Any CPU
		{DAF87B7B-ADEA-42D7-B8A8-383CDCC69428}.Debug|x64.ActiveCfg = Debug|Any CPU
		{DAF87B7B-ADEA-42D7-B8A8-383CDCC69428}.Debug|x64.Build.0 = Debug|Any CPU
		{DAF87B7B-ADEA-42D7-B8A8-383CDCC69428}.Debug|x86.ActiveCfg = Debug|Any CPU
		{DAF87B7B-ADEA-42D7-B8A8-383CDCC69428}.Debug|x86.Build.0 = Debug|Any CPU
		{DAF87B7B-ADEA-42D7-B8A8-383CDCC69428}.Release|Any CPU.ActiveCfg = Release|Any CPU
		{DAF87B7B-ADEA-42D7-B8A8-383CDCC69428}.Release|Any CPU.Build.0 = Release|Any CPU
		{DAF87B7B-ADEA-42D7-B8A8-383CDCC69428}.Release|x64.ActiveCfg = Release|Any CPU
		{DAF87B7B-ADEA-42D7-B8A8-383CDCC69428}.Release|x64.Build.0 = Release|Any CPU
		{DAF87B7B-ADEA-42D7-B8A8-383CDCC69428}.Release|x86.ActiveCfg = Release|Any CPU
		{DAF87B7B-ADEA-42D7-B8A8-383CDCC69428}.Release|x86.Build.0 = Release|Any CPU
		{7C4A8967-75A9-421D-BB6D-F1C472390548}.Debug|Any CPU.ActiveCfg = Debug|Any CPU
		{7C4A8967-75A9-421D-BB6D-F1C472390548}.Debug|Any CPU.Build.0 = Debug|Any CPU
		{7C4A8967-75A9-421D-BB6D-F1C472390548}.Debug|x64.ActiveCfg = Debug|Any CPU
		{7C4A8967-75A9-421D-BB6D-F1C472390548}.Debug|x64.Build.0 = Debug|Any CPU
		{7C4A8967-75A9-421D-BB6D-F1C472390548}.Debug|x86.ActiveCfg = Debug|Any CPU
		{7C4A8967-75A9-421D-BB6D-F1C472390548}.Debug|x86.Build.0 = Debug|Any CPU
		{7C4A8967-75A9-421D-BB6D-F1C472390548}.Release|Any CPU.ActiveCfg = Release|Any CPU
		{7C4A8967-75A9-421D-BB6D-F1C472390548}.Release|Any CPU.Build.0 = Release|Any CPU
		{7C4A8967-75A9-421D-BB6D-F1C472390548}.Release|x64.ActiveCfg = Release|Any CPU
		{7C4A8967-75A9-421D-BB6D-F1C472390548}.Release|x64.Build.0 = Release|Any CPU
		{7C4A8967-75A9-421D-BB6D-F1C472390548}.Release|x86.ActiveCfg = Release|Any CPU
		{7C4A8967-75A9-421D-BB6D-F1C472390548}.Release|x86.Build.0 = Release|Any CPU
	EndGlobalSection
	GlobalSection(NestedProjects) = preSolution
		{22616F54-B057-4684-A7D5-BD922530A96E} = {7026C871-037A-468B-810F-072002FB0FD6}
		{8223B4E7-96F0-4F91-AD0C-16EE33047FC6} = {7026C871-037A-468B-810F-072002FB0FD6}
		{A349D7A0-EF15-411B-BCF8-687044DEF301} = {7026C871-037A-468B-810F-072002FB0FD6}
		{4FF7984E-9228-4372-9631-FEDAC9D59149} = {7026C871-037A-468B-810F-072002FB0FD6}
		{347A647F-1EE7-4079-9235-67850A9D66AF} = {7026C871-037A-468B-810F-072002FB0FD6}
		{E38EEF21-503A-4950-A24A-B97EEDCA22E0} = {7026C871-037A-468B-810F-072002FB0FD6}
		{DAF87B7B-ADEA-42D7-B8A8-383CDCC69428} = {7026C871-037A-468B-810F-072002FB0FD6}
		{7C4A8967-75A9-421D-BB6D-F1C472390548} = {15C979D9-EA20-4E48-8A43-EBA114D9BCAB}
	EndGlobalSection
EndGlobal
